// !$*UTF8*$!
{
	archiveVersion = 1;
	classes = {
	};
	objectVersion = 46;
	objects = {

/* Begin PBXBuildFile section */
		2855411C1EF9C00F00B56F6A /* GoogleService-Info.plist in Resources */ = {isa = PBXBuildFile; fileRef = 2855411B1EF9C00F00B56F6A /* GoogleService-Info.plist */; };
		2880F8E51EFD895600E1F572 /* DataService.swift in Sources */ = {isa = PBXBuildFile; fileRef = 2880F8E41EFD895600E1F572 /* DataService.swift */; };
		2880F8F51F0440A600E1F572 /* UpdateService.swift in Sources */ = {isa = PBXBuildFile; fileRef = 2880F8F41F0440A600E1F572 /* UpdateService.swift */; };
		2880F8F71F04620A00E1F572 /* DriverAnnotation.swift in Sources */ = {isa = PBXBuildFile; fileRef = 2880F8F61F04620A00E1F572 /* DriverAnnotation.swift */; };
		289E5EDA1EF8689A003111E6 /* UIViewsExt.swift in Sources */ = {isa = PBXBuildFile; fileRef = 289E5ED91EF8689A003111E6 /* UIViewsExt.swift */; };
		289E5EDC1EF86E7A003111E6 /* LoginVC.swift in Sources */ = {isa = PBXBuildFile; fileRef = 289E5EDB1EF86E7A003111E6 /* LoginVC.swift */; };
		289E5EDE1EF8735E003111E6 /* RoundedCornerTextField.swift in Sources */ = {isa = PBXBuildFile; fileRef = 289E5EDD1EF8735E003111E6 /* RoundedCornerTextField.swift */; };
		28CDBC5B1F10403E00995D06 /* PassengerAnnotation.swift in Sources */ = {isa = PBXBuildFile; fileRef = 28CDBC5A1F10403E00995D06 /* PassengerAnnotation.swift */; };
		28F6F4E51EF07B8F00D5B113 /* AppDelegate.swift in Sources */ = {isa = PBXBuildFile; fileRef = 28F6F4E41EF07B8F00D5B113 /* AppDelegate.swift */; };
		28F6F4E71EF07B8F00D5B113 /* HomeVC.swift in Sources */ = {isa = PBXBuildFile; fileRef = 28F6F4E61EF07B8F00D5B113 /* HomeVC.swift */; };
		28F6F4EA1EF07B8F00D5B113 /* Main.storyboard in Resources */ = {isa = PBXBuildFile; fileRef = 28F6F4E81EF07B8F00D5B113 /* Main.storyboard */; };
		28F6F4EC1EF07B8F00D5B113 /* Assets.xcassets in Resources */ = {isa = PBXBuildFile; fileRef = 28F6F4EB1EF07B8F00D5B113 /* Assets.xcassets */; };
		28F6F4EF1EF07B8F00D5B113 /* LaunchScreen.storyboard in Resources */ = {isa = PBXBuildFile; fileRef = 28F6F4ED1EF07B8F00D5B113 /* LaunchScreen.storyboard */; };
		28F6F4FA1EF087D400D5B113 /* GradientView.swift in Sources */ = {isa = PBXBuildFile; fileRef = 28F6F4F91EF087D400D5B113 /* GradientView.swift */; };
		28F6F4FC1EF1B49000D5B113 /* RoundImageView.swift in Sources */ = {isa = PBXBuildFile; fileRef = 28F6F4FB1EF1B49000D5B113 /* RoundImageView.swift */; };
		28F6F4FE1EF1B59B00D5B113 /* RoundedShadowView.swift in Sources */ = {isa = PBXBuildFile; fileRef = 28F6F4FD1EF1B59B00D5B113 /* RoundedShadowView.swift */; };
		28F6F5001EF1B69500D5B113 /* CircleView.swift in Sources */ = {isa = PBXBuildFile; fileRef = 28F6F4FF1EF1B69500D5B113 /* CircleView.swift */; };
		28F6F5021EF1C45400D5B113 /* RoundedShadowButton.swift in Sources */ = {isa = PBXBuildFile; fileRef = 28F6F5011EF1C45400D5B113 /* RoundedShadowButton.swift */; };
		28F6F5051EF1EED100D5B113 /* LeftSidePanelVC.swift in Sources */ = {isa = PBXBuildFile; fileRef = 28F6F5041EF1EED100D5B113 /* LeftSidePanelVC.swift */; };
		28F6F5071EF1EF2B00D5B113 /* ContainerVC.swift in Sources */ = {isa = PBXBuildFile; fileRef = 28F6F5061EF1EF2B00D5B113 /* ContainerVC.swift */; };
		28F6F50A1EF1F1BE00D5B113 /* CenterVCDelegate.swift in Sources */ = {isa = PBXBuildFile; fileRef = 28F6F5091EF1F1BE00D5B113 /* CenterVCDelegate.swift */; };
		B5C3D6E4DAB18904C1582E77 /* Pods_Ridesharing.framework in Frameworks */ = {isa = PBXBuildFile; fileRef = 96887A344D0B7BB805C0A12E /* Pods_Ridesharing.framework */; };
/* End PBXBuildFile section */

/* Begin PBXFileReference section */
		2855411B1EF9C00F00B56F6A /* GoogleService-Info.plist */ = {isa = PBXFileReference; fileEncoding = 4; lastKnownFileType = text.plist.xml; path = "GoogleService-Info.plist"; sourceTree = "<group>"; };
		2880F8E41EFD895600E1F572 /* DataService.swift */ = {isa = PBXFileReference; fileEncoding = 4; lastKnownFileType = sourcecode.swift; path = DataService.swift; sourceTree = "<group>"; };
		2880F8F41F0440A600E1F572 /* UpdateService.swift */ = {isa = PBXFileReference; fileEncoding = 4; lastKnownFileType = sourcecode.swift; path = UpdateService.swift; sourceTree = "<group>"; };
		2880F8F61F04620A00E1F572 /* DriverAnnotation.swift */ = {isa = PBXFileReference; fileEncoding = 4; lastKnownFileType = sourcecode.swift; path = DriverAnnotation.swift; sourceTree = "<group>"; };
		289E5ED91EF8689A003111E6 /* UIViewsExt.swift */ = {isa = PBXFileReference; fileEncoding = 4; lastKnownFileType = sourcecode.swift; path = UIViewsExt.swift; sourceTree = "<group>"; };
		289E5EDB1EF86E7A003111E6 /* LoginVC.swift */ = {isa = PBXFileReference; fileEncoding = 4; lastKnownFileType = sourcecode.swift; path = LoginVC.swift; sourceTree = "<group>"; };
		289E5EDD1EF8735E003111E6 /* RoundedCornerTextField.swift */ = {isa = PBXFileReference; fileEncoding = 4; lastKnownFileType = sourcecode.swift; path = RoundedCornerTextField.swift; sourceTree = "<group>"; };
		28CDBC5A1F10403E00995D06 /* PassengerAnnotation.swift */ = {isa = PBXFileReference; fileEncoding = 4; lastKnownFileType = sourcecode.swift; path = PassengerAnnotation.swift; sourceTree = "<group>"; };
		28F6F4E11EF07B8F00D5B113 /* Ridesharing.app */ = {isa = PBXFileReference; explicitFileType = wrapper.application; includeInIndex = 0; path = Ridesharing.app; sourceTree = BUILT_PRODUCTS_DIR; };
		28F6F4E41EF07B8F00D5B113 /* AppDelegate.swift */ = {isa = PBXFileReference; lastKnownFileType = sourcecode.swift; path = AppDelegate.swift; sourceTree = "<group>"; };
		28F6F4E61EF07B8F00D5B113 /* HomeVC.swift */ = {isa = PBXFileReference; lastKnownFileType = sourcecode.swift; path = HomeVC.swift; sourceTree = "<group>"; };
		28F6F4E91EF07B8F00D5B113 /* Base */ = {isa = PBXFileReference; lastKnownFileType = file.storyboard; name = Base; path = Base.lproj/Main.storyboard; sourceTree = "<group>"; };
		28F6F4EB1EF07B8F00D5B113 /* Assets.xcassets */ = {isa = PBXFileReference; lastKnownFileType = folder.assetcatalog; path = Assets.xcassets; sourceTree = "<group>"; };
		28F6F4EE1EF07B8F00D5B113 /* Base */ = {isa = PBXFileReference; lastKnownFileType = file.storyboard; name = Base; path = Base.lproj/LaunchScreen.storyboard; sourceTree = "<group>"; };
		28F6F4F01EF07B8F00D5B113 /* Info.plist */ = {isa = PBXFileReference; lastKnownFileType = text.plist.xml; path = Info.plist; sourceTree = "<group>"; };
		28F6F4F91EF087D400D5B113 /* GradientView.swift */ = {isa = PBXFileReference; fileEncoding = 4; lastKnownFileType = sourcecode.swift; path = GradientView.swift; sourceTree = "<group>"; };
		28F6F4FB1EF1B49000D5B113 /* RoundImageView.swift */ = {isa = PBXFileReference; fileEncoding = 4; lastKnownFileType = sourcecode.swift; path = RoundImageView.swift; sourceTree = "<group>"; };
		28F6F4FD1EF1B59B00D5B113 /* RoundedShadowView.swift */ = {isa = PBXFileReference; fileEncoding = 4; lastKnownFileType = sourcecode.swift; path = RoundedShadowView.swift; sourceTree = "<group>"; };
		28F6F4FF1EF1B69500D5B113 /* CircleView.swift */ = {isa = PBXFileReference; fileEncoding = 4; lastKnownFileType = sourcecode.swift; path = CircleView.swift; sourceTree = "<group>"; };
		28F6F5011EF1C45400D5B113 /* RoundedShadowButton.swift */ = {isa = PBXFileReference; fileEncoding = 4; lastKnownFileType = sourcecode.swift; path = RoundedShadowButton.swift; sourceTree = "<group>"; };
		28F6F5041EF1EED100D5B113 /* LeftSidePanelVC.swift */ = {isa = PBXFileReference; fileEncoding = 4; lastKnownFileType = sourcecode.swift; path = LeftSidePanelVC.swift; sourceTree = "<group>"; };
		28F6F5061EF1EF2B00D5B113 /* ContainerVC.swift */ = {isa = PBXFileReference; fileEncoding = 4; lastKnownFileType = sourcecode.swift; path = ContainerVC.swift; sourceTree = "<group>"; };
		28F6F5091EF1F1BE00D5B113 /* CenterVCDelegate.swift */ = {isa = PBXFileReference; fileEncoding = 4; lastKnownFileType = sourcecode.swift; path = CenterVCDelegate.swift; sourceTree = "<group>"; };
		31DFCE80A218ED4E800D4C03 /* Pods-Ridesharing.debug.xcconfig */ = {isa = PBXFileReference; includeInIndex = 1; lastKnownFileType = text.xcconfig; name = "Pods-Ridesharing.debug.xcconfig"; path = "Pods/Target Support Files/Pods-Ridesharing/Pods-Ridesharing.debug.xcconfig"; sourceTree = "<group>"; };
		96887A344D0B7BB805C0A12E /* Pods_Ridesharing.framework */ = {isa = PBXFileReference; explicitFileType = wrapper.framework; includeInIndex = 0; path = Pods_Ridesharing.framework; sourceTree = BUILT_PRODUCTS_DIR; };
		EBED48DBA033E868517157A0 /* Pods-Ridesharing.release.xcconfig */ = {isa = PBXFileReference; includeInIndex = 1; lastKnownFileType = text.xcconfig; name = "Pods-Ridesharing.release.xcconfig"; path = "Pods/Target Support Files/Pods-Ridesharing/Pods-Ridesharing.release.xcconfig"; sourceTree = "<group>"; };
/* End PBXFileReference section */

/* Begin PBXFrameworksBuildPhase section */
		28F6F4DE1EF07B8F00D5B113 /* Frameworks */ = {
			isa = PBXFrameworksBuildPhase;
			buildActionMask = 2147483647;
			files = (
				B5C3D6E4DAB18904C1582E77 /* Pods_Ridesharing.framework in Frameworks */,
			);
			runOnlyForDeploymentPostprocessing = 0;
		};
/* End PBXFrameworksBuildPhase section */

/* Begin PBXGroup section */
		2880F8E31EFD893C00E1F572 /* Services */ = {
			isa = PBXGroup;
			children = (
				2880F8E41EFD895600E1F572 /* DataService.swift */,
				2880F8F41F0440A600E1F572 /* UpdateService.swift */,
			);
			name = Services;
			sourceTree = "<group>";
		};
		289E5ED81EF86880003111E6 /* Extensions */ = {
			isa = PBXGroup;
			children = (
				289E5ED91EF8689A003111E6 /* UIViewsExt.swift */,
			);
			name = Extensions;
			sourceTree = "<group>";
		};
		28F6F4D81EF07B8F00D5B113 = {
			isa = PBXGroup;
			children = (
				28F6F4E31EF07B8F00D5B113 /* Ridesharing */,
				28F6F4E21EF07B8F00D5B113 /* Products */,
				E7B6FBC2DB9B65AEB158AE87 /* Pods */,
				91DBA3C1EF94D8AE40A69470 /* Frameworks */,
			);
			sourceTree = "<group>";
		};
		28F6F4E21EF07B8F00D5B113 /* Products */ = {
			isa = PBXGroup;
			children = (
				28F6F4E11EF07B8F00D5B113 /* Ridesharing.app */,
			);
			name = Products;
			sourceTree = "<group>";
		};
		28F6F4E31EF07B8F00D5B113 /* Ridesharing */ = {
			isa = PBXGroup;
			children = (
				2880F8E31EFD893C00E1F572 /* Services */,
				289E5ED81EF86880003111E6 /* Extensions */,
				28F6F5081EF1F1A800D5B113 /* Protocols */,
				28F6F4F81EF07E8500D5B113 /* Model */,
				28F6F4F71EF07E8000D5B113 /* View */,
				28F6F4F61EF07E7900D5B113 /* Controller */,
				28F6F4E41EF07B8F00D5B113 /* AppDelegate.swift */,
				28F6F4E81EF07B8F00D5B113 /* Main.storyboard */,
				28F6F4EB1EF07B8F00D5B113 /* Assets.xcassets */,
				28F6F4ED1EF07B8F00D5B113 /* LaunchScreen.storyboard */,
				2855411B1EF9C00F00B56F6A /* GoogleService-Info.plist */,
				28F6F4F01EF07B8F00D5B113 /* Info.plist */,
			);
			path = Ridesharing;
			sourceTree = "<group>";
		};
		28F6F4F61EF07E7900D5B113 /* Controller */ = {
			isa = PBXGroup;
			children = (
				28F6F4E61EF07B8F00D5B113 /* HomeVC.swift */,
				28F6F5041EF1EED100D5B113 /* LeftSidePanelVC.swift */,
				28F6F5061EF1EF2B00D5B113 /* ContainerVC.swift */,
				289E5EDB1EF86E7A003111E6 /* LoginVC.swift */,
			);
			name = Controller;
			sourceTree = "<group>";
		};
		28F6F4F71EF07E8000D5B113 /* View */ = {
			isa = PBXGroup;
			children = (
				28F6F4F91EF087D400D5B113 /* GradientView.swift */,
				28F6F4FB1EF1B49000D5B113 /* RoundImageView.swift */,
				28F6F4FD1EF1B59B00D5B113 /* RoundedShadowView.swift */,
				28F6F4FF1EF1B69500D5B113 /* CircleView.swift */,
				28F6F5011EF1C45400D5B113 /* RoundedShadowButton.swift */,
				289E5EDD1EF8735E003111E6 /* RoundedCornerTextField.swift */,
				2880F8F61F04620A00E1F572 /* DriverAnnotation.swift */,
				28CDBC5A1F10403E00995D06 /* PassengerAnnotation.swift */,
			);
			name = View;
			sourceTree = "<group>";
		};
		28F6F4F81EF07E8500D5B113 /* Model */ = {
			isa = PBXGroup;
			children = (
			);
			name = Model;
			sourceTree = "<group>";
		};
		28F6F5081EF1F1A800D5B113 /* Protocols */ = {
			isa = PBXGroup;
			children = (
				28F6F5091EF1F1BE00D5B113 /* CenterVCDelegate.swift */,
			);
			name = Protocols;
			sourceTree = "<group>";
		};
		91DBA3C1EF94D8AE40A69470 /* Frameworks */ = {
			isa = PBXGroup;
			children = (
				96887A344D0B7BB805C0A12E /* Pods_Ridesharing.framework */,
			);
			name = Frameworks;
			sourceTree = "<group>";
		};
		E7B6FBC2DB9B65AEB158AE87 /* Pods */ = {
			isa = PBXGroup;
			children = (
				31DFCE80A218ED4E800D4C03 /* Pods-Ridesharing.debug.xcconfig */,
				EBED48DBA033E868517157A0 /* Pods-Ridesharing.release.xcconfig */,
			);
			name = Pods;
			sourceTree = "<group>";
		};
/* End PBXGroup section */

/* Begin PBXNativeTarget section */
		28F6F4E01EF07B8F00D5B113 /* Ridesharing */ = {
			isa = PBXNativeTarget;
			buildConfigurationList = 28F6F4F31EF07B8F00D5B113 /* Build configuration list for PBXNativeTarget "Ridesharing" */;
			buildPhases = (
				650FEAF6D04CA7267B732D00 /* [CP] Check Pods Manifest.lock */,
				28F6F4DD1EF07B8F00D5B113 /* Sources */,
				28F6F4DE1EF07B8F00D5B113 /* Frameworks */,
				28F6F4DF1EF07B8F00D5B113 /* Resources */,
				DF6CA7971FA006B969409CA9 /* [CP] Embed Pods Frameworks */,
				D8F585DEEB7DD1CBC2A4335A /* [CP] Copy Pods Resources */,
			);
			buildRules = (
			);
			dependencies = (
			);
			name = Ridesharing;
			productName = Ridesharing;
			productReference = 28F6F4E11EF07B8F00D5B113 /* Ridesharing.app */;
			productType = "com.apple.product-type.application";
		};
/* End PBXNativeTarget section */

/* Begin PBXProject section */
		28F6F4D91EF07B8F00D5B113 /* Project object */ = {
			isa = PBXProject;
			attributes = {
				LastSwiftUpdateCheck = 0830;
				LastUpgradeCheck = 0830;
				ORGANIZATIONNAME = Billy;
				TargetAttributes = {
					28F6F4E01EF07B8F00D5B113 = {
						CreatedOnToolsVersion = 8.3.2;
						DevelopmentTeam = BQ64AM57S3;
						ProvisioningStyle = Automatic;
					};
				};
			};
			buildConfigurationList = 28F6F4DC1EF07B8F00D5B113 /* Build configuration list for PBXProject "Ridesharing" */;
			compatibilityVersion = "Xcode 3.2";
			developmentRegion = English;
			hasScannedForEncodings = 0;
			knownRegions = (
				en,
				Base,
			);
			mainGroup = 28F6F4D81EF07B8F00D5B113;
			productRefGroup = 28F6F4E21EF07B8F00D5B113 /* Products */;
			projectDirPath = "";
			projectRoot = "";
			targets = (
				28F6F4E01EF07B8F00D5B113 /* Ridesharing */,
			);
		};
/* End PBXProject section */

/* Begin PBXResourcesBuildPhase section */
		28F6F4DF1EF07B8F00D5B113 /* Resources */ = {
			isa = PBXResourcesBuildPhase;
			buildActionMask = 2147483647;
			files = (
				28F6F4EF1EF07B8F00D5B113 /* LaunchScreen.storyboard in Resources */,
				2855411C1EF9C00F00B56F6A /* GoogleService-Info.plist in Resources */,
				28F6F4EC1EF07B8F00D5B113 /* Assets.xcassets in Resources */,
				28F6F4EA1EF07B8F00D5B113 /* Main.storyboard in Resources */,
			);
			runOnlyForDeploymentPostprocessing = 0;
		};
/* End PBXResourcesBuildPhase section */

/* Begin PBXShellScriptBuildPhase section */
		650FEAF6D04CA7267B732D00 /* [CP] Check Pods Manifest.lock */ = {
			isa = PBXShellScriptBuildPhase;
			buildActionMask = 2147483647;
			files = (
			);
			inputPaths = (
			);
			name = "[CP] Check Pods Manifest.lock";
			outputPaths = (
			);
			runOnlyForDeploymentPostprocessing = 0;
			shellPath = /bin/sh;
			shellScript = "diff \"${PODS_ROOT}/../Podfile.lock\" \"${PODS_ROOT}/Manifest.lock\" > /dev/null\nif [ $? != 0 ] ; then\n    # print error to STDERR\n    echo \"error: The sandbox is not in sync with the Podfile.lock. Run 'pod install' or update your CocoaPods installation.\" >&2\n    exit 1\nfi\n";
			showEnvVarsInLog = 0;
		};
		D8F585DEEB7DD1CBC2A4335A /* [CP] Copy Pods Resources */ = {
			isa = PBXShellScriptBuildPhase;
			buildActionMask = 2147483647;
			files = (
			);
			inputPaths = (
			);
			name = "[CP] Copy Pods Resources";
			outputPaths = (
			);
			runOnlyForDeploymentPostprocessing = 0;
			shellPath = /bin/sh;
			shellScript = "\"${SRCROOT}/Pods/Target Support Files/Pods-Ridesharing/Pods-Ridesharing-resources.sh\"\n";
			showEnvVarsInLog = 0;
		};
		DF6CA7971FA006B969409CA9 /* [CP] Embed Pods Frameworks */ = {
			isa = PBXShellScriptBuildPhase;
			buildActionMask = 2147483647;
			files = (
			);
			inputPaths = (
			);
			name = "[CP] Embed Pods Frameworks";
			outputPaths = (
			);
			runOnlyForDeploymentPostprocessing = 0;
			shellPath = /bin/sh;
			shellScript = "\"${SRCROOT}/Pods/Target Support Files/Pods-Ridesharing/Pods-Ridesharing-frameworks.sh\"\n";
			showEnvVarsInLog = 0;
		};
/* End PBXShellScriptBuildPhase section */

/* Begin PBXSourcesBuildPhase section */
		28F6F4DD1EF07B8F00D5B113 /* Sources */ = {
			isa = PBXSourcesBuildPhase;
			buildActionMask = 2147483647;
			files = (
				28F6F50A1EF1F1BE00D5B113 /* CenterVCDelegate.swift in Sources */,
				2880F8E51EFD895600E1F572 /* DataService.swift in Sources */,
				28F6F5021EF1C45400D5B113 /* RoundedShadowButton.swift in Sources */,
				289E5EDC1EF86E7A003111E6 /* LoginVC.swift in Sources */,
				28F6F5051EF1EED100D5B113 /* LeftSidePanelVC.swift in Sources */,
				28F6F5001EF1B69500D5B113 /* CircleView.swift in Sources */,
				28F6F5071EF1EF2B00D5B113 /* ContainerVC.swift in Sources */,
				28CDBC5B1F10403E00995D06 /* PassengerAnnotation.swift in Sources */,
				28F6F4E71EF07B8F00D5B113 /* HomeVC.swift in Sources */,
				2880F8F71F04620A00E1F572 /* DriverAnnotation.swift in Sources */,
				28F6F4FC1EF1B49000D5B113 /* RoundImageView.swift in Sources */,
				2880F8F51F0440A600E1F572 /* UpdateService.swift in Sources */,
				289E5EDA1EF8689A003111E6 /* UIViewsExt.swift in Sources */,
				28F6F4FE1EF1B59B00D5B113 /* RoundedShadowView.swift in Sources */,
				289E5EDE1EF8735E003111E6 /* RoundedCornerTextField.swift in Sources */,
				28F6F4E51EF07B8F00D5B113 /* AppDelegate.swift in Sources */,
				28F6F4FA1EF087D400D5B113 /* GradientView.swift in Sources */,
			);
			runOnlyForDeploymentPostprocessing = 0;
		};
/* End PBXSourcesBuildPhase section */

/* Begin PBXVariantGroup section */
		28F6F4E81EF07B8F00D5B113 /* Main.storyboard */ = {
			isa = PBXVariantGroup;
			children = (
				28F6F4E91EF07B8F00D5B113 /* Base */,
			);
			name = Main.storyboard;
			sourceTree = "<group>";
		};
		28F6F4ED1EF07B8F00D5B113 /* LaunchScreen.storyboard */ = {
			isa = PBXVariantGroup;
			children = (
				28F6F4EE1EF07B8F00D5B113 /* Base */,
			);
			name = LaunchScreen.storyboard;
			sourceTree = "<group>";
		};
/* End PBXVariantGroup section */

/* Begin XCBuildConfiguration section */
		28F6F4F11EF07B8F00D5B113 /* Debug */ = {
			isa = XCBuildConfiguration;
			buildSettings = {
				ALWAYS_SEARCH_USER_PATHS = NO;
				CLANG_ANALYZER_NONNULL = YES;
				CLANG_ANALYZER_NUMBER_OBJECT_CONVERSION = YES_AGGRESSIVE;
				CLANG_CXX_LANGUAGE_STANDARD = "gnu++0x";
				CLANG_CXX_LIBRARY = "libc++";
				CLANG_ENABLE_MODULES = YES;
				CLANG_ENABLE_OBJC_ARC = YES;
				CLANG_WARN_BOOL_CONVERSION = YES;
				CLANG_WARN_CONSTANT_CONVERSION = YES;
				CLANG_WARN_DIRECT_OBJC_ISA_USAGE = YES_ERROR;
				CLANG_WARN_DOCUMENTATION_COMMENTS = YES;
				CLANG_WARN_EMPTY_BODY = YES;
				CLANG_WARN_ENUM_CONVERSION = YES;
				CLANG_WARN_INFINITE_RECURSION = YES;
				CLANG_WARN_INT_CONVERSION = YES;
				CLANG_WARN_OBJC_ROOT_CLASS = YES_ERROR;
				CLANG_WARN_SUSPICIOUS_MOVE = YES;
				CLANG_WARN_UNREACHABLE_CODE = YES;
				CLANG_WARN__DUPLICATE_METHOD_MATCH = YES;
				"CODE_SIGN_IDENTITY[sdk=iphoneos*]" = "iPhone Developer";
				COPY_PHASE_STRIP = NO;
				DEBUG_INFORMATION_FORMAT = dwarf;
				ENABLE_STRICT_OBJC_MSGSEND = YES;
				ENABLE_TESTABILITY = YES;
				GCC_C_LANGUAGE_STANDARD = gnu99;
				GCC_DYNAMIC_NO_PIC = NO;
				GCC_NO_COMMON_BLOCKS = YES;
				GCC_OPTIMIZATION_LEVEL = 0;
				GCC_PREPROCESSOR_DEFINITIONS = (
					"DEBUG=1",
					"$(inherited)",
				);
				GCC_WARN_64_TO_32_BIT_CONVERSION = YES;
				GCC_WARN_ABOUT_RETURN_TYPE = YES_ERROR;
				GCC_WARN_UNDECLARED_SELECTOR = YES;
				GCC_WARN_UNINITIALIZED_AUTOS = YES_AGGRESSIVE;
				GCC_WARN_UNUSED_FUNCTION = YES;
				GCC_WARN_UNUSED_VARIABLE = YES;
				IPHONEOS_DEPLOYMENT_TARGET = 10.3;
				MTL_ENABLE_DEBUG_INFO = YES;
				ONLY_ACTIVE_ARCH = YES;
				SDKROOT = iphoneos;
				SWIFT_ACTIVE_COMPILATION_CONDITIONS = DEBUG;
				SWIFT_OPTIMIZATION_LEVEL = "-Onone";
			};
			name = Debug;
		};
		28F6F4F21EF07B8F00D5B113 /* Release */ = {
			isa = XCBuildConfiguration;
			buildSettings = {
				ALWAYS_SEARCH_USER_PATHS = NO;
				CLANG_ANALYZER_NONNULL = YES;
				CLANG_ANALYZER_NUMBER_OBJECT_CONVERSION = YES_AGGRESSIVE;
				CLANG_CXX_LANGUAGE_STANDARD = "gnu++0x";
				CLANG_CXX_LIBRARY = "libc++";
				CLANG_ENABLE_MODULES = YES;
				CLANG_ENABLE_OBJC_ARC = YES;
				CLANG_WARN_BOOL_CONVERSION = YES;
				CLANG_WARN_CONSTANT_CONVERSION = YES;
				CLANG_WARN_DIRECT_OBJC_ISA_USAGE = YES_ERROR;
				CLANG_WARN_DOCUMENTATION_COMMENTS = YES;
				CLANG_WARN_EMPTY_BODY = YES;
				CLANG_WARN_ENUM_CONVERSION = YES;
				CLANG_WARN_INFINITE_RECURSION = YES;
				CLANG_WARN_INT_CONVERSION = YES;
				CLANG_WARN_OBJC_ROOT_CLASS = YES_ERROR;
				CLANG_WARN_SUSPICIOUS_MOVE = YES;
				CLANG_WARN_UNREACHABLE_CODE = YES;
				CLANG_WARN__DUPLICATE_METHOD_MATCH = YES;
				"CODE_SIGN_IDENTITY[sdk=iphoneos*]" = "iPhone Developer";
				COPY_PHASE_STRIP = NO;
				DEBUG_INFORMATION_FORMAT = "dwarf-with-dsym";
				ENABLE_NS_ASSERTIONS = NO;
				ENABLE_STRICT_OBJC_MSGSEND = YES;
				GCC_C_LANGUAGE_STANDARD = gnu99;
				GCC_NO_COMMON_BLOCKS = YES;
				GCC_WARN_64_TO_32_BIT_CONVERSION = YES;
				GCC_WARN_ABOUT_RETURN_TYPE = YES_ERROR;
				GCC_WARN_UNDECLARED_SELECTOR = YES;
				GCC_WARN_UNINITIALIZED_AUTOS = YES_AGGRESSIVE;
				GCC_WARN_UNUSED_FUNCTION = YES;
				GCC_WARN_UNUSED_VARIABLE = YES;
				IPHONEOS_DEPLOYMENT_TARGET = 10.3;
				MTL_ENABLE_DEBUG_INFO = NO;
				SDKROOT = iphoneos;
				SWIFT_OPTIMIZATION_LEVEL = "-Owholemodule";
				VALIDATE_PRODUCT = YES;
			};
			name = Release;
		};
		28F6F4F41EF07B8F00D5B113 /* Debug */ = {
			isa = XCBuildConfiguration;
			baseConfigurationReference = 31DFCE80A218ED4E800D4C03 /* Pods-Ridesharing.debug.xcconfig */;
			buildSettings = {
				ASSETCATALOG_COMPILER_APPICON_NAME = AppIcon;
				DEVELOPMENT_TEAM = BQ64AM57S3;
				INFOPLIST_FILE = Ridesharing/Info.plist;
				LD_RUNPATH_SEARCH_PATHS = "$(inherited) @executable_path/Frameworks";
				PRODUCT_BUNDLE_IDENTIFIER = billy1301.Ridesharing;
				PRODUCT_NAME = "$(TARGET_NAME)";
				SWIFT_VERSION = 3.0;
			};
			name = Debug;
		};
		28F6F4F51EF07B8F00D5B113 /* Release */ = {
			isa = XCBuildConfiguration;
			baseConfigurationReference = EBED48DBA033E868517157A0 /* Pods-Ridesharing.release.xcconfig */;
			buildSettings = {
				ASSETCATALOG_COMPILER_APPICON_NAME = AppIcon;
				DEVELOPMENT_TEAM = BQ64AM57S3;
				INFOPLIST_FILE = Ridesharing/Info.plist;
				LD_RUNPATH_SEARCH_PATHS = "$(inherited) @executable_path/Frameworks";
				PRODUCT_BUNDLE_IDENTIFIER = billy1301.Ridesharing;
				PRODUCT_NAME = "$(TARGET_NAME)";
				SWIFT_VERSION = 3.0;
			};
			name = Release;
		};
/* End XCBuildConfiguration section */

/* Begin XCConfigurationList section */
		28F6F4DC1EF07B8F00D5B113 /* Build configuration list for PBXProject "Ridesharing" */ = {
			isa = XCConfigurationList;
			buildConfigurations = (
				28F6F4F11EF07B8F00D5B113 /* Debug */,
				28F6F4F21EF07B8F00D5B113 /* Release */,
			);
			defaultConfigurationIsVisible = 0;
			defaultConfigurationName = Release;
		};
		28F6F4F31EF07B8F00D5B113 /* Build configuration list for PBXNativeTarget "Ridesharing" */ = {
			isa = XCConfigurationList;
			buildConfigurations = (
				28F6F4F41EF07B8F00D5B113 /* Debug */,
				28F6F4F51EF07B8F00D5B113 /* Release */,
			);
			defaultConfigurationIsVisible = 0;
			defaultConfigurationName = Release;
		};
/* End XCConfigurationList section */
	};
	rootObject = 28F6F4D91EF07B8F00D5B113 /* Project object */;
}
